// !$*UTF8*$!
{
	archiveVersion = 1;
	classes = {
	};
	objectVersion = 51;
	objects = {

/* Begin PBXBuildFile section */
		D712869827B1A410009366A9 /* SportViewUITableCell.swift in Sources */ = {isa = PBXBuildFile; fileRef = D712869727B1A410009366A9 /* SportViewUITableCell.swift */; };
		D712869B27B1A52F009366A9 /* SportTableCellScreen.swift in Sources */ = {isa = PBXBuildFile; fileRef = D712869A27B1A52F009366A9 /* SportTableCellScreen.swift */; };
		D7674F1C27AEEFB600B19D27 /* GoogleService-Info.plist in Resources */ = {isa = PBXBuildFile; fileRef = D7674F1B27AEEFB600B19D27 /* GoogleService-Info.plist */; };
		D786476427A8896A00531E75 /* AppDelegate.swift in Sources */ = {isa = PBXBuildFile; fileRef = D786476327A8896A00531E75 /* AppDelegate.swift */; };
		D786476627A8896A00531E75 /* SceneDelegate.swift in Sources */ = {isa = PBXBuildFile; fileRef = D786476527A8896A00531E75 /* SceneDelegate.swift */; };
		D786476827A8896A00531E75 /* ViewController.swift in Sources */ = {isa = PBXBuildFile; fileRef = D786476727A8896A00531E75 /* ViewController.swift */; };
		D786476D27A8896B00531E75 /* Assets.xcassets in Resources */ = {isa = PBXBuildFile; fileRef = D786476C27A8896B00531E75 /* Assets.xcassets */; };
		D786477027A8896B00531E75 /* LaunchScreen.storyboard in Resources */ = {isa = PBXBuildFile; fileRef = D786476E27A8896B00531E75 /* LaunchScreen.storyboard */; };
		D786477C27A894B600531E75 /* LoginScreen.swift in Sources */ = {isa = PBXBuildFile; fileRef = D786477B27A894B600531E75 /* LoginScreen.swift */; };
		D7893AF027B01E8700645D4D /* HomeViewController.swift in Sources */ = {isa = PBXBuildFile; fileRef = D7893AEF27B01E8700645D4D /* HomeViewController.swift */; };
		D7893AF227B01F8400645D4D /* HomeScreen.swift in Sources */ = {isa = PBXBuildFile; fileRef = D7893AF127B01F8400645D4D /* HomeScreen.swift */; };
		D7893AF527B0253A00645D4D /* UserDetailCell.swift in Sources */ = {isa = PBXBuildFile; fileRef = D7893AF427B0253A00645D4D /* UserDetailCell.swift */; };
		D7893AFA27B029B000645D4D /* DataUser.swift in Sources */ = {isa = PBXBuildFile; fileRef = D7893AF927B029B000645D4D /* DataUser.swift */; };
		D7893AFD27B0327800645D4D /* UserDetailView.swift in Sources */ = {isa = PBXBuildFile; fileRef = D7893AFC27B0327800645D4D /* UserDetailView.swift */; };
		D7EF300027ADDE600071B2A7 /* RegisterScreen.swift in Sources */ = {isa = PBXBuildFile; fileRef = D7EF2FFF27ADDE600071B2A7 /* RegisterScreen.swift */; };
		D7EF300227ADDE960071B2A7 /* RegisterViewController.swift in Sources */ = {isa = PBXBuildFile; fileRef = D7EF300127ADDE960071B2A7 /* RegisterViewController.swift */; };
		F4EC44266B1CF9CEA2E84133 /* Pods_LoginViewCode.framework in Frameworks */ = {isa = PBXBuildFile; fileRef = 4698A4FCA810AD779D21DB4A /* Pods_LoginViewCode.framework */; };
/* End PBXBuildFile section */

/* Begin PBXFileReference section */
		06B8FD09BC91C4F1A88A325E /* Pods-LoginViewCode.release.xcconfig */ = {isa = PBXFileReference; includeInIndex = 1; lastKnownFileType = text.xcconfig; name = "Pods-LoginViewCode.release.xcconfig"; path = "Target Support Files/Pods-LoginViewCode/Pods-LoginViewCode.release.xcconfig"; sourceTree = "<group>"; };
		4698A4FCA810AD779D21DB4A /* Pods_LoginViewCode.framework */ = {isa = PBXFileReference; explicitFileType = wrapper.framework; includeInIndex = 0; path = Pods_LoginViewCode.framework; sourceTree = BUILT_PRODUCTS_DIR; };
		B59B166B2D22067B4153AB61 /* Pods-LoginViewCode.debug.xcconfig */ = {isa = PBXFileReference; includeInIndex = 1; lastKnownFileType = text.xcconfig; name = "Pods-LoginViewCode.debug.xcconfig"; path = "Target Support Files/Pods-LoginViewCode/Pods-LoginViewCode.debug.xcconfig"; sourceTree = "<group>"; };
		D712869727B1A410009366A9 /* SportViewUITableCell.swift */ = {isa = PBXFileReference; lastKnownFileType = sourcecode.swift; path = SportViewUITableCell.swift; sourceTree = "<group>"; };
		D712869A27B1A52F009366A9 /* SportTableCellScreen.swift */ = {isa = PBXFileReference; lastKnownFileType = sourcecode.swift; path = SportTableCellScreen.swift; sourceTree = "<group>"; };
		D7674F1B27AEEFB600B19D27 /* GoogleService-Info.plist */ = {isa = PBXFileReference; fileEncoding = 4; lastKnownFileType = text.plist.xml; path = "GoogleService-Info.plist"; sourceTree = "<group>"; };
		D786476027A8896A00531E75 /* LoginViewCode.app */ = {isa = PBXFileReference; explicitFileType = wrapper.application; includeInIndex = 0; path = LoginViewCode.app; sourceTree = BUILT_PRODUCTS_DIR; };
		D786476327A8896A00531E75 /* AppDelegate.swift */ = {isa = PBXFileReference; lastKnownFileType = sourcecode.swift; path = AppDelegate.swift; sourceTree = "<group>"; };
		D786476527A8896A00531E75 /* SceneDelegate.swift */ = {isa = PBXFileReference; lastKnownFileType = sourcecode.swift; path = SceneDelegate.swift; sourceTree = "<group>"; };
		D786476727A8896A00531E75 /* ViewController.swift */ = {isa = PBXFileReference; lastKnownFileType = sourcecode.swift; path = ViewController.swift; sourceTree = "<group>"; };
		D786476C27A8896B00531E75 /* Assets.xcassets */ = {isa = PBXFileReference; lastKnownFileType = folder.assetcatalog; path = Assets.xcassets; sourceTree = "<group>"; };
		D786476F27A8896B00531E75 /* Base */ = {isa = PBXFileReference; lastKnownFileType = file.storyboard; name = Base; path = Base.lproj/LaunchScreen.storyboard; sourceTree = "<group>"; };
		D786477127A8896B00531E75 /* Info.plist */ = {isa = PBXFileReference; lastKnownFileType = text.plist.xml; path = Info.plist; sourceTree = "<group>"; };
		D786477B27A894B600531E75 /* LoginScreen.swift */ = {isa = PBXFileReference; lastKnownFileType = sourcecode.swift; path = LoginScreen.swift; sourceTree = "<group>"; };
		D7893AEF27B01E8700645D4D /* HomeViewController.swift */ = {isa = PBXFileReference; lastKnownFileType = sourcecode.swift; path = HomeViewController.swift; sourceTree = "<group>"; };
		D7893AF127B01F8400645D4D /* HomeScreen.swift */ = {isa = PBXFileReference; lastKnownFileType = sourcecode.swift; path = HomeScreen.swift; sourceTree = "<group>"; };
		D7893AF427B0253A00645D4D /* UserDetailCell.swift */ = {isa = PBXFileReference; lastKnownFileType = sourcecode.swift; path = UserDetailCell.swift; sourceTree = "<group>"; };
		D7893AF927B029B000645D4D /* DataUser.swift */ = {isa = PBXFileReference; lastKnownFileType = sourcecode.swift; path = DataUser.swift; sourceTree = "<group>"; };
		D7893AFC27B0327800645D4D /* UserDetailView.swift */ = {isa = PBXFileReference; lastKnownFileType = sourcecode.swift; path = UserDetailView.swift; sourceTree = "<group>"; };
		D7EF2FFF27ADDE600071B2A7 /* RegisterScreen.swift */ = {isa = PBXFileReference; lastKnownFileType = sourcecode.swift; path = RegisterScreen.swift; sourceTree = "<group>"; };
		D7EF300127ADDE960071B2A7 /* RegisterViewController.swift */ = {isa = PBXFileReference; lastKnownFileType = sourcecode.swift; path = RegisterViewController.swift; sourceTree = "<group>"; };
/* End PBXFileReference section */

/* Begin PBXFrameworksBuildPhase section */
		D786475D27A8896A00531E75 /* Frameworks */ = {
			isa = PBXFrameworksBuildPhase;
			buildActionMask = 2147483647;
			files = (
				F4EC44266B1CF9CEA2E84133 /* Pods_LoginViewCode.framework in Frameworks */,
			);
			runOnlyForDeploymentPostprocessing = 0;
		};
/* End PBXFrameworksBuildPhase section */

/* Begin PBXGroup section */
		455D8F6B179E47575770FF8D /* Frameworks */ = {
			isa = PBXGroup;
			children = (
				4698A4FCA810AD779D21DB4A /* Pods_LoginViewCode.framework */,
			);
			name = Frameworks;
			sourceTree = "<group>";
		};
		D712869627B1A3E8009366A9 /* SportViewCell */ = {
			isa = PBXGroup;
			children = (
				D712869927B1A50F009366A9 /* CustomView */,
				D712869727B1A410009366A9 /* SportViewUITableCell.swift */,
			);
			path = SportViewCell;
			sourceTree = "<group>";
		};
		D712869927B1A50F009366A9 /* CustomView */ = {
			isa = PBXGroup;
			children = (
				D712869A27B1A52F009366A9 /* SportTableCellScreen.swift */,
			);
			path = CustomView;
			sourceTree = "<group>";
		};
		D786475727A8896A00531E75 = {
			isa = PBXGroup;
			children = (
				D786476227A8896A00531E75 /* LoginViewCode */,
				D786476127A8896A00531E75 /* Products */,
				E87DA72B0B0E37FBBAA48E92 /* Pods */,
				455D8F6B179E47575770FF8D /* Frameworks */,
			);
			sourceTree = "<group>";
		};
		D786476127A8896A00531E75 /* Products */ = {
			isa = PBXGroup;
			children = (
				D786476027A8896A00531E75 /* LoginViewCode.app */,
			);
			name = Products;
			sourceTree = "<group>";
		};
		D786476227A8896A00531E75 /* LoginViewCode */ = {
			isa = PBXGroup;
			children = (
				D7893AEA27B01E4E00645D4D /* Home */,
				D7EF2FFC27ADDE260071B2A7 /* Register */,
				D786477727A8945F00531E75 /* Login */,
				D786476327A8896A00531E75 /* AppDelegate.swift */,
				D786476527A8896A00531E75 /* SceneDelegate.swift */,
				D786476C27A8896B00531E75 /* Assets.xcassets */,
				D786476E27A8896B00531E75 /* LaunchScreen.storyboard */,
				D786477127A8896B00531E75 /* Info.plist */,
				D7674F1B27AEEFB600B19D27 /* GoogleService-Info.plist */,
			);
			path = LoginViewCode;
			sourceTree = "<group>";
		};
		D786477727A8945F00531E75 /* Login */ = {
			isa = PBXGroup;
			children = (
				D786477927A8947A00531E75 /* Controller */,
				D786477A27A8949300531E75 /* Screen */,
			);
			path = Login;
			sourceTree = "<group>";
		};
		D786477927A8947A00531E75 /* Controller */ = {
			isa = PBXGroup;
			children = (
				D786476727A8896A00531E75 /* ViewController.swift */,
			);
			path = Controller;
			sourceTree = "<group>";
		};
		D786477A27A8949300531E75 /* Screen */ = {
			isa = PBXGroup;
			children = (
				D786477B27A894B600531E75 /* LoginScreen.swift */,
			);
			path = Screen;
			sourceTree = "<group>";
		};
		D7893AEA27B01E4E00645D4D /* Home */ = {
			isa = PBXGroup;
			children = (
				D712869627B1A3E8009366A9 /* SportViewCell */,
				D7893AF827B0299B00645D4D /* Model */,
				D7893AF327B0250100645D4D /* UserDetailCell */,
				D7893AED27B01E6500645D4D /* Screen */,
				D7893AEB27B01E5400645D4D /* Controller */,
			);
			path = Home;
			sourceTree = "<group>";
		};
		D7893AEB27B01E5400645D4D /* Controller */ = {
			isa = PBXGroup;
			children = (
				D7893AEF27B01E8700645D4D /* HomeViewController.swift */,
			);
			path = Controller;
			sourceTree = "<group>";
		};
		D7893AED27B01E6500645D4D /* Screen */ = {
			isa = PBXGroup;
			children = (
				D7893AF127B01F8400645D4D /* HomeScreen.swift */,
			);
			path = Screen;
			sourceTree = "<group>";
		};
		D7893AF327B0250100645D4D /* UserDetailCell */ = {
			isa = PBXGroup;
			children = (
				D7893AFB27B0326100645D4D /* CustomView */,
				D7893AF427B0253A00645D4D /* UserDetailCell.swift */,
			);
			path = UserDetailCell;
			sourceTree = "<group>";
		};
		D7893AF827B0299B00645D4D /* Model */ = {
			isa = PBXGroup;
			children = (
				D7893AF927B029B000645D4D /* DataUser.swift */,
			);
			path = Model;
			sourceTree = "<group>";
		};
		D7893AFB27B0326100645D4D /* CustomView */ = {
			isa = PBXGroup;
			children = (
				D7893AFC27B0327800645D4D /* UserDetailView.swift */,
			);
			path = CustomView;
			sourceTree = "<group>";
		};
		D7EF2FFC27ADDE260071B2A7 /* Register */ = {
			isa = PBXGroup;
			children = (
				D7EF2FFE27ADDE440071B2A7 /* Controller */,
				D7EF2FFD27ADDE3D0071B2A7 /* Screen */,
			);
			path = Register;
			sourceTree = "<group>";
		};
		D7EF2FFD27ADDE3D0071B2A7 /* Screen */ = {
			isa = PBXGroup;
			children = (
				D7EF2FFF27ADDE600071B2A7 /* RegisterScreen.swift */,
			);
			path = Screen;
			sourceTree = "<group>";
		};
		D7EF2FFE27ADDE440071B2A7 /* Controller */ = {
			isa = PBXGroup;
			children = (
				D7EF300127ADDE960071B2A7 /* RegisterViewController.swift */,
			);
			path = Controller;
			sourceTree = "<group>";
		};
		E87DA72B0B0E37FBBAA48E92 /* Pods */ = {
			isa = PBXGroup;
			children = (
				B59B166B2D22067B4153AB61 /* Pods-LoginViewCode.debug.xcconfig */,
				06B8FD09BC91C4F1A88A325E /* Pods-LoginViewCode.release.xcconfig */,
			);
			path = Pods;
			sourceTree = "<group>";
		};
/* End PBXGroup section */

/* Begin PBXNativeTarget section */
		D786475F27A8896A00531E75 /* LoginViewCode */ = {
			isa = PBXNativeTarget;
			buildConfigurationList = D786477427A8896B00531E75 /* Build configuration list for PBXNativeTarget "LoginViewCode" */;
			buildPhases = (
				227899A1F811E38A4CFF00AF /* [CP] Check Pods Manifest.lock */,
				D786475C27A8896A00531E75 /* Sources */,
				D786475D27A8896A00531E75 /* Frameworks */,
				D786475E27A8896A00531E75 /* Resources */,
				4473ECE77C0C83D96D90D835 /* [CP] Embed Pods Frameworks */,
			);
			buildRules = (
			);
			dependencies = (
			);
			name = LoginViewCode;
			productName = LoginViewCode;
			productReference = D786476027A8896A00531E75 /* LoginViewCode.app */;
			productType = "com.apple.product-type.application";
		};
/* End PBXNativeTarget section */

/* Begin PBXProject section */
		D786475827A8896A00531E75 /* Project object */ = {
			isa = PBXProject;
			attributes = {
				LastSwiftUpdateCheck = 1250;
				LastUpgradeCheck = 1250;
				TargetAttributes = {
					D786475F27A8896A00531E75 = {
						CreatedOnToolsVersion = 12.5.1;
					};
				};
			};
			buildConfigurationList = D786475B27A8896A00531E75 /* Build configuration list for PBXProject "LoginViewCode" */;
			compatibilityVersion = "Xcode 9.3";
			developmentRegion = en;
			hasScannedForEncodings = 0;
			knownRegions = (
				en,
				Base,
			);
			mainGroup = D786475727A8896A00531E75;
			productRefGroup = D786476127A8896A00531E75 /* Products */;
			projectDirPath = "";
			projectRoot = "";
			targets = (
				D786475F27A8896A00531E75 /* LoginViewCode */,
			);
		};
/* End PBXProject section */

/* Begin PBXResourcesBuildPhase section */
		D786475E27A8896A00531E75 /* Resources */ = {
			isa = PBXResourcesBuildPhase;
			buildActionMask = 2147483647;
			files = (
				D786477027A8896B00531E75 /* LaunchScreen.storyboard in Resources */,
				D786476D27A8896B00531E75 /* Assets.xcassets in Resources */,
				D7674F1C27AEEFB600B19D27 /* GoogleService-Info.plist in Resources */,
			);
			runOnlyForDeploymentPostprocessing = 0;
		};
/* End PBXResourcesBuildPhase section */

/* Begin PBXShellScriptBuildPhase section */
		227899A1F811E38A4CFF00AF /* [CP] Check Pods Manifest.lock */ = {
			isa = PBXShellScriptBuildPhase;
			buildActionMask = 2147483647;
			files = (
			);
			inputFileListPaths = (
			);
			inputPaths = (
				"${PODS_PODFILE_DIR_PATH}/Podfile.lock",
				"${PODS_ROOT}/Manifest.lock",
			);
			name = "[CP] Check Pods Manifest.lock";
			outputFileListPaths = (
			);
			outputPaths = (
				"$(DERIVED_FILE_DIR)/Pods-LoginViewCode-checkManifestLockResult.txt",
			);
			runOnlyForDeploymentPostprocessing = 0;
			shellPath = /bin/sh;
			shellScript = "diff \"${PODS_PODFILE_DIR_PATH}/Podfile.lock\" \"${PODS_ROOT}/Manifest.lock\" > /dev/null\nif [ $? != 0 ] ; then\n    # print error to STDERR\n    echo \"error: The sandbox is not in sync with the Podfile.lock. Run 'pod install' or update your CocoaPods installation.\" >&2\n    exit 1\nfi\n# This output is used by Xcode 'outputs' to avoid re-running this script phase.\necho \"SUCCESS\" > \"${SCRIPT_OUTPUT_FILE_0}\"\n";
			showEnvVarsInLog = 0;
		};
		4473ECE77C0C83D96D90D835 /* [CP] Embed Pods Frameworks */ = {
			isa = PBXShellScriptBuildPhase;
			buildActionMask = 2147483647;
			files = (
			);
			inputFileListPaths = (
				"${PODS_ROOT}/Target Support Files/Pods-LoginViewCode/Pods-LoginViewCode-frameworks-${CONFIGURATION}-input-files.xcfilelist",
			);
			name = "[CP] Embed Pods Frameworks";
			outputFileListPaths = (
				"${PODS_ROOT}/Target Support Files/Pods-LoginViewCode/Pods-LoginViewCode-frameworks-${CONFIGURATION}-output-files.xcfilelist",
			);
			runOnlyForDeploymentPostprocessing = 0;
			shellPath = /bin/sh;
			shellScript = "\"${PODS_ROOT}/Target Support Files/Pods-LoginViewCode/Pods-LoginViewCode-frameworks.sh\"\n";
			showEnvVarsInLog = 0;
		};
/* End PBXShellScriptBuildPhase section */

/* Begin PBXSourcesBuildPhase section */
		D786475C27A8896A00531E75 /* Sources */ = {
			isa = PBXSourcesBuildPhase;
			buildActionMask = 2147483647;
			files = (
				D7EF300027ADDE600071B2A7 /* RegisterScreen.swift in Sources */,
				D786476827A8896A00531E75 /* ViewController.swift in Sources */,
				D786477C27A894B600531E75 /* LoginScreen.swift in Sources */,
				D7EF300227ADDE960071B2A7 /* RegisterViewController.swift in Sources */,
				D712869B27B1A52F009366A9 /* SportTableCellScreen.swift in Sources */,
				D7893AFA27B029B000645D4D /* DataUser.swift in Sources */,
				D7893AF227B01F8400645D4D /* HomeScreen.swift in Sources */,
				D786476427A8896A00531E75 /* AppDelegate.swift in Sources */,
				D7893AF527B0253A00645D4D /* UserDetailCell.swift in Sources */,
				D7893AF027B01E8700645D4D /* HomeViewController.swift in Sources */,
				D786476627A8896A00531E75 /* SceneDelegate.swift in Sources */,
				D712869827B1A410009366A9 /* SportViewUITableCell.swift in Sources */,
				D7893AFD27B0327800645D4D /* UserDetailView.swift in Sources */,
			);
			runOnlyForDeploymentPostprocessing = 0;
		};
/* End PBXSourcesBuildPhase section */

/* Begin PBXVariantGroup section */
		D786476E27A8896B00531E75 /* LaunchScreen.storyboard */ = {
			isa = PBXVariantGroup;
			children = (
				D786476F27A8896B00531E75 /* Base */,
			);
			name = LaunchScreen.storyboard;
			sourceTree = "<group>";
		};
/* End PBXVariantGroup section */

/* Begin XCBuildConfiguration section */
		D786477227A8896B00531E75 /* Debug */ = {
			isa = XCBuildConfiguration;
			buildSettings = {
				ALWAYS_SEARCH_USER_PATHS = NO;
				CLANG_ANALYZER_NONNULL = YES;
				CLANG_ANALYZER_NUMBER_OBJECT_CONVERSION = YES_AGGRESSIVE;
				CLANG_CXX_LANGUAGE_STANDARD = "gnu++14";
				CLANG_CXX_LIBRARY = "libc++";
				CLANG_ENABLE_MODULES = YES;
				CLANG_ENABLE_OBJC_ARC = YES;
				CLANG_ENABLE_OBJC_WEAK = YES;
				CLANG_WARN_BLOCK_CAPTURE_AUTORELEASING = YES;
				CLANG_WARN_BOOL_CONVERSION = YES;
				CLANG_WARN_COMMA = YES;
				CLANG_WARN_CONSTANT_CONVERSION = YES;
				CLANG_WARN_DEPRECATED_OBJC_IMPLEMENTATIONS = YES;
				CLANG_WARN_DIRECT_OBJC_ISA_USAGE = YES_ERROR;
				CLANG_WARN_DOCUMENTATION_COMMENTS = YES;
				CLANG_WARN_EMPTY_BODY = YES;
				CLANG_WARN_ENUM_CONVERSION = YES;
				CLANG_WARN_INFINITE_RECURSION = YES;
				CLANG_WARN_INT_CONVERSION = YES;
				CLANG_WARN_NON_LITERAL_NULL_CONVERSION = YES;
				CLANG_WARN_OBJC_IMPLICIT_RETAIN_SELF = YES;
				CLANG_WARN_OBJC_LITERAL_CONVERSION = YES;
				CLANG_WARN_OBJC_ROOT_CLASS = YES_ERROR;
				CLANG_WARN_QUOTED_INCLUDE_IN_FRAMEWORK_HEADER = YES;
				CLANG_WARN_RANGE_LOOP_ANALYSIS = YES;
				CLANG_WARN_STRICT_PROTOTYPES = YES;
				CLANG_WARN_SUSPICIOUS_MOVE = YES;
				CLANG_WARN_UNGUARDED_AVAILABILITY = YES_AGGRESSIVE;
				CLANG_WARN_UNREACHABLE_CODE = YES;
				CLANG_WARN__DUPLICATE_METHOD_MATCH = YES;
				COPY_PHASE_STRIP = NO;
				DEBUG_INFORMATION_FORMAT = dwarf;
				ENABLE_STRICT_OBJC_MSGSEND = YES;
				ENABLE_TESTABILITY = YES;
				GCC_C_LANGUAGE_STANDARD = gnu11;
				GCC_DYNAMIC_NO_PIC = NO;
				GCC_NO_COMMON_BLOCKS = YES;
				GCC_OPTIMIZATION_LEVEL = 0;
				GCC_PREPROCESSOR_DEFINITIONS = (
					"DEBUG=1",
					"$(inherited)",
				);
				GCC_WARN_64_TO_32_BIT_CONVERSION = YES;
				GCC_WARN_ABOUT_RETURN_TYPE = YES_ERROR;
				GCC_WARN_UNDECLARED_SELECTOR = YES;
				GCC_WARN_UNINITIALIZED_AUTOS = YES_AGGRESSIVE;
				GCC_WARN_UNUSED_FUNCTION = YES;
				GCC_WARN_UNUSED_VARIABLE = YES;
				IPHONEOS_DEPLOYMENT_TARGET = 14.5;
				MTL_ENABLE_DEBUG_INFO = INCLUDE_SOURCE;
				MTL_FAST_MATH = YES;
				ONLY_ACTIVE_ARCH = YES;
				SDKROOT = iphoneos;
				SWIFT_ACTIVE_COMPILATION_CONDITIONS = DEBUG;
				SWIFT_OPTIMIZATION_LEVEL = "-Onone";
			};
			name = Debug;
		};
		D786477327A8896B00531E75 /* Release */ = {
			isa = XCBuildConfiguration;
			buildSettings = {
				ALWAYS_SEARCH_USER_PATHS = NO;
				CLANG_ANALYZER_NONNULL = YES;
				CLANG_ANALYZER_NUMBER_OBJECT_CONVERSION = YES_AGGRESSIVE;
				CLANG_CXX_LANGUAGE_STANDARD = "gnu++14";
				CLANG_CXX_LIBRARY = "libc++";
				CLANG_ENABLE_MODULES = YES;
				CLANG_ENABLE_OBJC_ARC = YES;
				CLANG_ENABLE_OBJC_WEAK = YES;
				CLANG_WARN_BLOCK_CAPTURE_AUTORELEASING = YES;
				CLANG_WARN_BOOL_CONVERSION = YES;
				CLANG_WARN_COMMA = YES;
				CLANG_WARN_CONSTANT_CONVERSION = YES;
				CLANG_WARN_DEPRECATED_OBJC_IMPLEMENTATIONS = YES;
				CLANG_WARN_DIRECT_OBJC_ISA_USAGE = YES_ERROR;
				CLANG_WARN_DOCUMENTATION_COMMENTS = YES;
				CLANG_WARN_EMPTY_BODY = YES;
				CLANG_WARN_ENUM_CONVERSION = YES;
				CLANG_WARN_INFINITE_RECURSION = YES;
				CLANG_WARN_INT_CONVERSION = YES;
				CLANG_WARN_NON_LITERAL_NULL_CONVERSION = YES;
				CLANG_WARN_OBJC_IMPLICIT_RETAIN_SELF = YES;
				CLANG_WARN_OBJC_LITERAL_CONVERSION = YES;
				CLANG_WARN_OBJC_ROOT_CLASS = YES_ERROR;
				CLANG_WARN_QUOTED_INCLUDE_IN_FRAMEWORK_HEADER = YES;
				CLANG_WARN_RANGE_LOOP_ANALYSIS = YES;
				CLANG_WARN_STRICT_PROTOTYPES = YES;
				CLANG_WARN_SUSPICIOUS_MOVE = YES;
				CLANG_WARN_UNGUARDED_AVAILABILITY = YES_AGGRESSIVE;
				CLANG_WARN_UNREACHABLE_CODE = YES;
				CLANG_WARN__DUPLICATE_METHOD_MATCH = YES;
				COPY_PHASE_STRIP = NO;
				DEBUG_INFORMATION_FORMAT = "dwarf-with-dsym";
				ENABLE_NS_ASSERTIONS = NO;
				ENABLE_STRICT_OBJC_MSGSEND = YES;
				GCC_C_LANGUAGE_STANDARD = gnu11;
				GCC_NO_COMMON_BLOCKS = YES;
				GCC_WARN_64_TO_32_BIT_CONVERSION = YES;
				GCC_WARN_ABOUT_RETURN_TYPE = YES_ERROR;
				GCC_WARN_UNDECLARED_SELECTOR = YES;
				GCC_WARN_UNINITIALIZED_AUTOS = YES_AGGRESSIVE;
				GCC_WARN_UNUSED_FUNCTION = YES;
				GCC_WARN_UNUSED_VARIABLE = YES;
				IPHONEOS_DEPLOYMENT_TARGET = 14.5;
				MTL_ENABLE_DEBUG_INFO = NO;
				MTL_FAST_MATH = YES;
				SDKROOT = iphoneos;
				SWIFT_COMPILATION_MODE = wholemodule;
				SWIFT_OPTIMIZATION_LEVEL = "-O";
				VALIDATE_PRODUCT = YES;
			};
			name = Release;
		};
		D786477527A8896B00531E75 /* Debug */ = {
			isa = XCBuildConfiguration;
			baseConfigurationReference = B59B166B2D22067B4153AB61 /* Pods-LoginViewCode.debug.xcconfig */;
			buildSettings = {
				ASSETCATALOG_COMPILER_APPICON_NAME = AppIcon;
				ASSETCATALOG_COMPILER_GLOBAL_ACCENT_COLOR_NAME = AccentColor;
				CODE_SIGN_STYLE = Automatic;
				INFOPLIST_FILE = LoginViewCode/Info.plist;
				LD_RUNPATH_SEARCH_PATHS = (
					"$(inherited)",
					"@executable_path/Frameworks",
				);
				PRODUCT_BUNDLE_IDENTIFIER = com.studyios.LoginViewCode;
				PRODUCT_NAME = "$(TARGET_NAME)";
				SWIFT_VERSION = 5.0;
				TARGETED_DEVICE_FAMILY = "1,2";
			};
			name = Debug;
		};
		D786477627A8896B00531E75 /* Release */ = {
			isa = XCBuildConfiguration;
			baseConfigurationReference = 06B8FD09BC91C4F1A88A325E /* Pods-LoginViewCode.release.xcconfig */;
			buildSettings = {
				ASSETCATALOG_COMPILER_APPICON_NAME = AppIcon;
				ASSETCATALOG_COMPILER_GLOBAL_ACCENT_COLOR_NAME = AccentColor;
				CODE_SIGN_STYLE = Automatic;
				INFOPLIST_FILE = LoginViewCode/Info.plist;
				LD_RUNPATH_SEARCH_PATHS = (
					"$(inherited)",
					"@executable_path/Frameworks",
				);
				PRODUCT_BUNDLE_IDENTIFIER = com.studyios.LoginViewCode;
				PRODUCT_NAME = "$(TARGET_NAME)";
				SWIFT_VERSION = 5.0;
				TARGETED_DEVICE_FAMILY = "1,2";
			};
			name = Release;
		};
/* End XCBuildConfiguration section */

/* Begin XCConfigurationList section */
		D786475B27A8896A00531E75 /* Build configuration list for PBXProject "LoginViewCode" */ = {
			isa = XCConfigurationList;
			buildConfigurations = (
				D786477227A8896B00531E75 /* Debug */,
				D786477327A8896B00531E75 /* Release */,
			);
			defaultConfigurationIsVisible = 0;
			defaultConfigurationName = Release;
		};
		D786477427A8896B00531E75 /* Build configuration list for PBXNativeTarget "LoginViewCode" */ = {
			isa = XCConfigurationList;
			buildConfigurations = (
				D786477527A8896B00531E75 /* Debug */,
				D786477627A8896B00531E75 /* Release */,
			);
			defaultConfigurationIsVisible = 0;
			defaultConfigurationName = Release;
		};
/* End XCConfigurationList section */
	};
	rootObject = D786475827A8896A00531E75 /* Project object */;
}
